Microsoft Visual Studio Solution File, Format Version 12.00
# Visual Studio Version 17
VisualStudioVersion = 17.5.2.0
MinimumVisualStudioVersion = 10.0.40219.1
Project("{FAE04EC0-301F-11D3-BF4B-00C04F79EFBC}") = "HSLocationManager", "HSLocationManager.csproj", "{38BC3ECF-6561-0F46-6E17-31BDC5F8D918}"
EndProject
Global
	GlobalSection(SolutionConfigurationPlatforms) = preSolution
		Debug|Any CPU = Debug|Any CPU
		Release|Any CPU = Release|Any CPU
	EndGlobalSection
	GlobalSection(ProjectConfigurationPlatforms) = postSolution
		{38BC3ECF-6561-0F46-6E17-31BDC5F8D918}.Debug|Any CPU.ActiveCfg = Debug|Any CPU
		{38BC3ECF-6561-0F46-6E17-31BDC5F8D918}.Debug|Any CPU.Build.0 = Debug|Any CPU
		{38BC3ECF-6561-0F46-6E17-31BDC5F8D918}.Release|Any CPU.ActiveCfg = Release|Any CPU
		{38BC3ECF-6561-0F46-6E17-31BDC5F8D918}.Release|Any CPU.Build.0 = Release|Any CPU
	EndGlobalSection
	GlobalSection(SolutionProperties) = preSolution
		HideSolutionNode = FALSE
	EndGlobalSection
	GlobalSection(ExtensibilityGlobals) = postSolution
		SolutionGuid = {118D7883-02F3-42A7-B212-BF80696F5108}
	EndGlobalSection
EndGlobal
